{
  "nodes": {
    "catppuccin": {
      "inputs": {
        "nixpkgs": "nixpkgs"
      },
      "locked": {
        "lastModified": 1743215956,
        "narHash": "sha256-FMWVgpW77/PguBOv/tZraf548KOPsEY6WG/zjD4pTGY=",
        "owner": "catppuccin",
        "repo": "nix",
        "rev": "73da10b7d73f722be9b45c261b92400865b406a3",
        "type": "github"
      },
      "original": {
        "owner": "catppuccin",
        "repo": "nix",
        "type": "github"
      }
    },
    "darwin": {
      "inputs": {
        "nixpkgs": [
          "nixpkgs"
        ]
      },
      "locked": {
        "lastModified": 1743125241,
        "narHash": "sha256-TA/xYqZbBwCCprXf8ABORDsjJy0Idw6OdQNqYQhgKCM=",
        "owner": "LnL7",
        "repo": "nix-darwin",
        "rev": "75f8e4dbc553d3052f917e66ee874f69d49c9981",
        "type": "github"
      },
      "original": {
        "owner": "LnL7",
        "repo": "nix-darwin",
        "type": "github"
      }
    },
    "home-manager": {
      "inputs": {
        "nixpkgs": [
          "nixpkgs"
        ]
      },
      "locked": {
        "lastModified": 1743136572,
        "narHash": "sha256-uwaVrKgi6g1TUq56247j6QvvFtYHloCkjCrEpGBvV54=",
        "owner": "nix-community",
        "repo": "home-manager",
        "rev": "1efd2503172016a6742c87b47b43ca2c8145607d",
        "type": "github"
      },
      "original": {
        "owner": "nix-community",
        "repo": "home-manager",
        "type": "github"
      }
    },
    "nixpkgs": {
      "locked": {
        "lastModified": 1742288794,
        "narHash": "sha256-Txwa5uO+qpQXrNG4eumPSD+hHzzYi/CdaM80M9XRLCo=",
        "owner": "NixOS",
        "repo": "nixpkgs",
        "rev": "b6eaf97c6960d97350c584de1b6dcff03c9daf42",
        "type": "github"
      },
      "original": {
        "owner": "NixOS",
        "ref": "nixos-unstable",
        "repo": "nixpkgs",
        "type": "github"
      }
    },
    "nixpkgs_2": {
      "locked": {
        "lastModified": 1743076231,
        "narHash": "sha256-yQugdVfi316qUfqzN8JMaA2vixl+45GxNm4oUfXlbgw=",
        "owner": "nixos",
        "repo": "nixpkgs",
        "rev": "6c5963357f3c1c840201eda129a99d455074db04",
        "type": "github"
      },
      "original": {
        "owner": "nixos",
        "ref": "nixpkgs-unstable",
        "repo": "nixpkgs",
        "type": "github"
      }
    },
    "root": {
      "inputs": {
        "catppuccin": "catppuccin",
        "darwin": "darwin",
        "home-manager": "home-manager",
        "nixpkgs": "nixpkgs_2"
      }
    }
  },
  "root": "root",
  "version": 7
}
